{
  "name": "Windows Powershell history cleaner",
  "version": "1.0.0",
  "lockfileVersion": 3,
  "requires": true,
  "packages": {
    "": {
      "name": "Windows Powershell history cleaner",
      "version": "1.0.0",
      "bin": {
        "Windows Powershell history cleaner": "index.js"
      }
    }
  }
}
